// !$*UTF8*$!
{
	archiveVersion = 1;
	classes = {
	};
	objectVersion = 77;
	objects = {

/* Begin PBXBuildFile section */
/* End PBXBuildFile section */

/* Begin PBXContainerItemProxy section */
		4D5BF0CB2ED9DEEA000E458C /* PBXContainerItemProxy */ = {
			isa = PBXContainerItemProxy;
			containerPortal = 4D5BF0B52ED9DEE8000E458C /* Project object */;
			proxyType = 1;
			remoteGlobalIDString = 4D5BF0BC2ED9DEE8000E458C;
			remoteInfo = GuidGen;
		};
		4D5BF0D52ED9DEEA000E458C /* PBXContainerItemProxy */ = {
			isa = PBXContainerItemProxy;
			containerPortal = 4D5BF0B52ED9DEE8000E458C /* Project object */;
			proxyType = 1;
			remoteGlobalIDString = 4D5BF0BC2ED9DEE8000E458C;
			remoteInfo = GuidGen;
		};
/* End PBXContainerItemProxy section */

/* Begin PBXFileReference section */
		4D5BF0BD2ED9DEE8000E458C /* GuidGen.app */ = {isa = PBXFileReference; explicitFileType = wrapper.application; includeInIndex = 0; path = GuidGen.app; sourceTree = BUILT_PRODUCTS_DIR; };
		4D5BF0CA2ED9DEEA000E458C /* GuidGenTests.xctest */ = {isa = PBXFileReference; explicitFileType = wrapper.cfbundle; includeInIndex = 0; path = GuidGenTests.xctest; sourceTree = BUILT_PRODUCTS_DIR; };
		4D5BF0D42ED9DEEA000E458C /* GuidGenUITests.xctest */ = {isa = PBXFileReference; explicitFileType = wrapper.cfbundle; includeInIndex = 0; path = GuidGenUITests.xctest; sourceTree = BUILT_PRODUCTS_DIR; };
		4D5BF0F62ED9E005000E458C /* GuidGen.entitlements */ = {isa = PBXFileReference; lastKnownFileType = text.plist.entitlements; path = GuidGen.entitlements; sourceTree = "<group>"; };
/* End PBXFileReference section */

/* Begin PBXFileSystemSynchronizedRootGroup section */
		4D5BF0BF2ED9DEE8000E458C /* GuidGen */ = {
			isa = PBXFileSystemSynchronizedRootGroup;
			path = GuidGen;
			sourceTree = "<group>";
		};
		4D5BF0CD2ED9DEEA000E458C /* GuidGenTests */ = {
			isa = PBXFileSystemSynchronizedRootGroup;
			path = GuidGenTests;
			sourceTree = "<group>";
		};
		4D5BF0D72ED9DEEA000E458C /* GuidGenUITests */ = {
			isa = PBXFileSystemSynchronizedRootGroup;
			path = GuidGenUITests;
			sourceTree = "<group>";
		};
/* End PBXFileSystemSynchronizedRootGroup section */

/* Begin PBXFrameworksBuildPhase section */
		4D5BF0BA2ED9DEE8000E458C /* Frameworks */ = {
			isa = PBXFrameworksBuildPhase;
			buildActionMask = 2147483647;
			files = (
			);
			runOnlyForDeploymentPostprocessing = 0;
		};
		4D5BF0C72ED9DEEA000E458C /* Frameworks */ = {
			isa = PBXFrameworksBuildPhase;
			buildActionMask = 2147483647;
			files = (
			);
			runOnlyForDeploymentPostprocessing = 0;
		};
		4D5BF0D12ED9DEEA000E458C /* Frameworks */ = {
			isa = PBXFrameworksBuildPhase;
			buildActionMask = 2147483647;
			files = (
			);
			runOnlyForDeploymentPostprocessing = 0;
		};
/* End PBXFrameworksBuildPhase section */

/* Begin PBXGroup section */
		4D5BF0B42ED9DEE7000E458C = {
			isa = PBXGroup;
			children = (
				4D5BF0F62ED9E005000E458C /* GuidGen.entitlements */,
				4D5BF0BF2ED9DEE8000E458C /* GuidGen */,
				4D5BF0CD2ED9DEEA000E458C /* GuidGenTests */,
				4D5BF0D72ED9DEEA000E458C /* GuidGenUITests */,
				4D5BF0BE2ED9DEE8000E458C /* Products */,
			);
			sourceTree = "<group>";
		};
		4D5BF0BE2ED9DEE8000E458C /* Products */ = {
			isa = PBXGroup;
			children = (
				4D5BF0BD2ED9DEE8000E458C /* GuidGen.app */,
				4D5BF0CA2ED9DEEA000E458C /* GuidGenTests.xctest */,
				4D5BF0D42ED9DEEA000E458C /* GuidGenUITests.xctest */,
			);
			name = Products;
			sourceTree = "<group>";
		};
/* End PBXGroup section */

/* Begin PBXNativeTarget section */
		4D5BF0BC2ED9DEE8000E458C /* GuidGen */ = {
			isa = PBXNativeTarget;
			buildConfigurationList = 4D5BF0DE2ED9DEEA000E458C /* Build configuration list for PBXNativeTarget "GuidGen" */;
			buildPhases = (
				4D5BF0B92ED9DEE8000E458C /* Sources */,
				4D5BF0BA2ED9DEE8000E458C /* Frameworks */,
				4D5BF0BB2ED9DEE8000E458C /* Resources */,
			);
			buildRules = (
			);
			dependencies = (
			);
			fileSystemSynchronizedGroups = (
				4D5BF0BF2ED9DEE8000E458C /* GuidGen */,
			);
			name = GuidGen;
			packageProductDependencies = (
			);
			productName = GuidGen;
			productReference = 4D5BF0BD2ED9DEE8000E458C /* GuidGen.app */;
			productType = "com.apple.product-type.application";
		};
		4D5BF0C92ED9DEEA000E458C /* GuidGenTests */ = {
			isa = PBXNativeTarget;
			buildConfigurationList = 4D5BF0E12ED9DEEA000E458C /* Build configuration list for PBXNativeTarget "GuidGenTests" */;
			buildPhases = (
				4D5BF0C62ED9DEEA000E458C /* Sources */,
				4D5BF0C72ED9DEEA000E458C /* Frameworks */,
				4D5BF0C82ED9DEEA000E458C /* Resources */,
			);
			buildRules = (
			);
			dependencies = (
				4D5BF0CC2ED9DEEA000E458C /* PBXTargetDependency */,
			);
			fileSystemSynchronizedGroups = (
				4D5BF0CD2ED9DEEA000E458C /* GuidGenTests */,
			);
			name = GuidGenTests;
			packageProductDependencies = (
			);
			productName = GuidGenTests;
			productReference = 4D5BF0CA2ED9DEEA000E458C /* GuidGenTests.xctest */;
			productType = "com.apple.product-type.bundle.unit-test";
		};
		4D5BF0D32ED9DEEA000E458C /* GuidGenUITests */ = {
			isa = PBXNativeTarget;
			buildConfigurationList = 4D5BF0E42ED9DEEA000E458C /* Build configuration list for PBXNativeTarget "GuidGenUITests" */;
			buildPhases = (
				4D5BF0D02ED9DEEA000E458C /* Sources */,
				4D5BF0D12ED9DEEA000E458C /* Frameworks */,
				4D5BF0D22ED9DEEA000E458C /* Resources */,
			);
			buildRules = (
			);
			dependencies = (
				4D5BF0D62ED9DEEA000E458C /* PBXTargetDependency */,
			);
			fileSystemSynchronizedGroups = (
				4D5BF0D72ED9DEEA000E458C /* GuidGenUITests */,
			);
			name = GuidGenUITests;
			packageProductDependencies = (
			);
			productName = GuidGenUITests;
			productReference = 4D5BF0D42ED9DEEA000E458C /* GuidGenUITests.xctest */;
			productType = "com.apple.product-type.bundle.ui-testing";
		};
/* End PBXNativeTarget section */

/* Begin PBXProject section */
		4D5BF0B52ED9DEE8000E458C /* Project object */ = {
			isa = PBXProject;
			attributes = {
				BuildIndependentTargetsInParallel = 1;
				LastSwiftUpdateCheck = 2600;
				LastUpgradeCheck = 2600;
				TargetAttributes = {
					4D5BF0BC2ED9DEE8000E458C = {
						CreatedOnToolsVersion = 26.0.1;
						LastSwiftMigration = 2600;
					};
					4D5BF0C92ED9DEEA000E458C = {
						CreatedOnToolsVersion = 26.0.1;
						TestTargetID = 4D5BF0BC2ED9DEE8000E458C;
					};
					4D5BF0D32ED9DEEA000E458C = {
						CreatedOnToolsVersion = 26.0.1;
						TestTargetID = 4D5BF0BC2ED9DEE8000E458C;
					};
				};
			};
			buildConfigurationList = 4D5BF0B82ED9DEE8000E458C /* Build configuration list for PBXProject "GuidGen" */;
			developmentRegion = en;
			hasScannedForEncodings = 0;
			knownRegions = (
				en,
				Base,
			);
			mainGroup = 4D5BF0B42ED9DEE7000E458C;
			minimizedProjectReferenceProxies = 1;
			preferredProjectObjectVersion = 77;
			productRefGroup = 4D5BF0BE2ED9DEE8000E458C /* Products */;
			projectDirPath = "";
			projectRoot = "";
			targets = (
				4D5BF0BC2ED9DEE8000E458C /* GuidGen */,
				4D5BF0C92ED9DEEA000E458C /* GuidGenTests */,
				4D5BF0D32ED9DEEA000E458C /* GuidGenUITests */,
			);
		};
/* End PBXProject section */

/* Begin PBXResourcesBuildPhase section */
		4D5BF0BB2ED9DEE8000E458C /* Resources */ = {
			isa = PBXResourcesBuildPhase;
			buildActionMask = 2147483647;
			files = (
			);
			runOnlyForDeploymentPostprocessing = 0;
		};
		4D5BF0C82ED9DEEA000E458C /* Resources */ = {
			isa = PBXResourcesBuildPhase;
			buildActionMask = 2147483647;
			files = (
			);
			runOnlyForDeploymentPostprocessing = 0;
		};
		4D5BF0D22ED9DEEA000E458C /* Resources */ = {
			isa = PBXResourcesBuildPhase;
			buildActionMask = 2147483647;
			files = (
			);
			runOnlyForDeploymentPostprocessing = 0;
		};
/* End PBXResourcesBuildPhase section */

/* Begin PBXSourcesBuildPhase section */
		4D5BF0B92ED9DEE8000E458C /* Sources */ = {
			isa = PBXSourcesBuildPhase;
			buildActionMask = 2147483647;
			files = (
			);
			runOnlyForDeploymentPostprocessing = 0;
		};
		4D5BF0C62ED9DEEA000E458C /* Sources */ = {
			isa = PBXSourcesBuildPhase;
			buildActionMask = 2147483647;
			files = (
			);
			runOnlyForDeploymentPostprocessing = 0;
		};
		4D5BF0D02ED9DEEA000E458C /* Sources */ = {
			isa = PBXSourcesBuildPhase;
			buildActionMask = 2147483647;
			files = (
			);
			runOnlyForDeploymentPostprocessing = 0;
		};
/* End PBXSourcesBuildPhase section */

/* Begin PBXTargetDependency section */
		4D5BF0CC2ED9DEEA000E458C /* PBXTargetDependency */ = {
			isa = PBXTargetDependency;
			target = 4D5BF0BC2ED9DEE8000E458C /* GuidGen */;
			targetProxy = 4D5BF0CB2ED9DEEA000E458C /* PBXContainerItemProxy */;
		};
		4D5BF0D62ED9DEEA000E458C /* PBXTargetDependency */ = {
			isa = PBXTargetDependency;
			target = 4D5BF0BC2ED9DEE8000E458C /* GuidGen */;
			targetProxy = 4D5BF0D52ED9DEEA000E458C /* PBXContainerItemProxy */;
		};
/* End PBXTargetDependency section */

/* Begin XCBuildConfiguration section */
		4D5BF0DC2ED9DEEA000E458C /* Debug */ = {
			isa = XCBuildConfiguration;
			buildSettings = {
				ALWAYS_SEARCH_USER_PATHS = NO;
				ASSETCATALOG_COMPILER_GENERATE_SWIFT_ASSET_SYMBOL_EXTENSIONS = YES;
				CLANG_ANALYZER_NONNULL = YES;
				CLANG_ANALYZER_NUMBER_OBJECT_CONVERSION = YES_AGGRESSIVE;
				CLANG_CXX_LANGUAGE_STANDARD = "gnu++20";
				CLANG_ENABLE_MODULES = YES;
				CLANG_ENABLE_OBJC_ARC = YES;
				CLANG_ENABLE_OBJC_WEAK = YES;
				CLANG_WARN_BLOCK_CAPTURE_AUTORELEASING = YES;
				CLANG_WARN_BOOL_CONVERSION = YES;
				CLANG_WARN_COMMA = YES;
				CLANG_WARN_CONSTANT_CONVERSION = YES;
				CLANG_WARN_DEPRECATED_OBJC_IMPLEMENTATIONS = YES;
				CLANG_WARN_DIRECT_OBJC_ISA_USAGE = YES_ERROR;
				CLANG_WARN_DOCUMENTATION_COMMENTS = YES;
				CLANG_WARN_EMPTY_BODY = YES;
				CLANG_WARN_ENUM_CONVERSION = YES;
				CLANG_WARN_INFINITE_RECURSION = YES;
				CLANG_WARN_INT_CONVERSION = YES;
				CLANG_WARN_NON_LITERAL_NULL_CONVERSION = YES;
				CLANG_WARN_OBJC_IMPLICIT_RETAIN_SELF = YES;
				CLANG_WARN_OBJC_LITERAL_CONVERSION = YES;
				CLANG_WARN_OBJC_ROOT_CLASS = YES_ERROR;
				CLANG_WARN_QUOTED_INCLUDE_IN_FRAMEWORK_HEADER = YES;
				CLANG_WARN_RANGE_LOOP_ANALYSIS = YES;
				CLANG_WARN_STRICT_PROTOTYPES = YES;
				CLANG_WARN_SUSPICIOUS_MOVE = YES;
				CLANG_WARN_UNGUARDED_AVAILABILITY = YES_AGGRESSIVE;
				CLANG_WARN_UNREACHABLE_CODE = YES;
				CLANG_WARN__DUPLICATE_METHOD_MATCH = YES;
				COPY_PHASE_STRIP = NO;
				DEBUG_INFORMATION_FORMAT = dwarf;
				DEVELOPMENT_TEAM = 22ADC8SJAT;
				ENABLE_STRICT_OBJC_MSGSEND = YES;
				ENABLE_TESTABILITY = YES;
				ENABLE_USER_SCRIPT_SANDBOXING = YES;
				GCC_C_LANGUAGE_STANDARD = gnu17;
				GCC_DYNAMIC_NO_PIC = NO;
				GCC_NO_COMMON_BLOCKS = YES;
				GCC_OPTIMIZATION_LEVEL = 0;
				GCC_PREPROCESSOR_DEFINITIONS = (
					"DEBUG=1",
					"$(inherited)",
				);
				GCC_WARN_64_TO_32_BIT_CONVERSION = YES;
				GCC_WARN_ABOUT_RETURN_TYPE = YES_ERROR;
				GCC_WARN_UNDECLARED_SELECTOR = YES;
				GCC_WARN_UNINITIALIZED_AUTOS = YES_AGGRESSIVE;
				GCC_WARN_UNUSED_FUNCTION = YES;
				GCC_WARN_UNUSED_VARIABLE = YES;
				LOCALIZATION_PREFERS_STRING_CATALOGS = YES;
				MACOSX_DEPLOYMENT_TARGET = 13.0;
				MTL_ENABLE_DEBUG_INFO = INCLUDE_SOURCE;
				MTL_FAST_MATH = YES;
				ONLY_ACTIVE_ARCH = YES;
				SDKROOT = macosx;
				SWIFT_ACTIVE_COMPILATION_CONDITIONS = "DEBUG $(inherited)";
				SWIFT_OPTIMIZATION_LEVEL = "-Onone";
			};
			name = Debug;
		};
		4D5BF0DD2ED9DEEA000E458C /* Release */ = {
			isa = XCBuildConfiguration;
			buildSettings = {
				ALWAYS_SEARCH_USER_PATHS = NO;
				ASSETCATALOG_COMPILER_GENERATE_SWIFT_ASSET_SYMBOL_EXTENSIONS = YES;
				CLANG_ANALYZER_NONNULL = YES;
				CLANG_ANALYZER_NUMBER_OBJECT_CONVERSION = YES_AGGRESSIVE;
				CLANG_CXX_LANGUAGE_STANDARD = "gnu++20";
				CLANG_ENABLE_MODULES = YES;
				CLANG_ENABLE_OBJC_ARC = YES;
				CLANG_ENABLE_OBJC_WEAK = YES;
				CLANG_WARN_BLOCK_CAPTURE_AUTORELEASING = YES;
				CLANG_WARN_BOOL_CONVERSION = YES;
				CLANG_WARN_COMMA = YES;
				CLANG_WARN_CONSTANT_CONVERSION = YES;
				CLANG_WARN_DEPRECATED_OBJC_IMPLEMENTATIONS = YES;
				CLANG_WARN_DIRECT_OBJC_ISA_USAGE = YES_ERROR;
				CLANG_WARN_DOCUMENTATION_COMMENTS = YES;
				CLANG_WARN_EMPTY_BODY = YES;
				CLANG_WARN_ENUM_CONVERSION = YES;
				CLANG_WARN_INFINITE_RECURSION = YES;
				CLANG_WARN_INT_CONVERSION = YES;
				CLANG_WARN_NON_LITERAL_NULL_CONVERSION = YES;
				CLANG_WARN_OBJC_IMPLICIT_RETAIN_SELF = YES;
				CLANG_WARN_OBJC_LITERAL_CONVERSION = YES;
				CLANG_WARN_OBJC_ROOT_CLASS = YES_ERROR;
				CLANG_WARN_QUOTED_INCLUDE_IN_FRAMEWORK_HEADER = YES;
				CLANG_WARN_RANGE_LOOP_ANALYSIS = YES;
				CLANG_WARN_STRICT_PROTOTYPES = YES;
				CLANG_WARN_SUSPICIOUS_MOVE = YES;
				CLANG_WARN_UNGUARDED_AVAILABILITY = YES_AGGRESSIVE;
				CLANG_WARN_UNREACHABLE_CODE = YES;
				CLANG_WARN__DUPLICATE_METHOD_MATCH = YES;
				COPY_PHASE_STRIP = NO;
				DEBUG_INFORMATION_FORMAT = "dwarf-with-dsym";
				DEVELOPMENT_TEAM = 22ADC8SJAT;
				ENABLE_NS_ASSERTIONS = NO;
				ENABLE_STRICT_OBJC_MSGSEND = YES;
				ENABLE_USER_SCRIPT_SANDBOXING = YES;
				GCC_C_LANGUAGE_STANDARD = gnu17;
				GCC_NO_COMMON_BLOCKS = YES;
				GCC_WARN_64_TO_32_BIT_CONVERSION = YES;
				GCC_WARN_ABOUT_RETURN_TYPE = YES_ERROR;
				GCC_WARN_UNDECLARED_SELECTOR = YES;
				GCC_WARN_UNINITIALIZED_AUTOS = YES_AGGRESSIVE;
				GCC_WARN_UNUSED_FUNCTION = YES;
				GCC_WARN_UNUSED_VARIABLE = YES;
				LOCALIZATION_PREFERS_STRING_CATALOGS = YES;
				MACOSX_DEPLOYMENT_TARGET = 13.0;
				MTL_ENABLE_DEBUG_INFO = NO;
				MTL_FAST_MATH = YES;
				SDKROOT = macosx;
				SWIFT_COMPILATION_MODE = wholemodule;
			};
			name = Release;
		};
		4D5BF0DF2ED9DEEA000E458C /* Debug */ = {
			isa = XCBuildConfiguration;
			buildSettings = {
				ASSETCATALOG_COMPILER_APPICON_NAME = guidgen_icon;
				ASSETCATALOG_COMPILER_GLOBAL_ACCENT_COLOR_NAME = AccentColor;
				CLANG_ENABLE_MODULES = YES;
				CODE_SIGN_ENTITLEMENTS = GuidGen.entitlements;
				CODE_SIGN_STYLE = Automatic;
				COMBINE_HIDPI_IMAGES = YES;
				CURRENT_PROJECT_VERSION = 1;
				DEVELOPMENT_TEAM = 22ADC8SJAT;
				ENABLE_APP_SANDBOX = NO;
				ENABLE_HARDENED_RUNTIME = YES;
				ENABLE_PREVIEWS = YES;
				GENERATE_INFOPLIST_FILE = YES;
				INFOPLIST_KEY_NSHumanReadableCopyright = "Copyright © 2026 Axel Grefslie. All rights reserved.";
				INFOPLIST_KEY_LSApplicationCategoryType = "public.app-category.developer-tools";
				INFOPLIST_KEY_LSUIElement = NO;
				INFOPLIST_KEY_NSAppleEventsUsageDescription = "GuidGen sends keystrokes to paste GUIDs into the focused application.";
				INFOPLIST_KEY_NSAccessibilityUsageDescription = "GuidGen needs accessibility access to register a global keyboard shortcut and paste GUIDs into other applications.";
				LD_RUNPATH_SEARCH_PATHS = (
					"$(inherited)",
					"@executable_path/../Frameworks",
				);
				MACOSX_DEPLOYMENT_TARGET = 13.0;
				MARKETING_VERSION = 1.0;
				PRODUCT_BUNDLE_IDENTIFIER = axelgrefslie.GuidGen;
				PRODUCT_NAME = "$(TARGET_NAME)";
				REGISTER_APP_GROUPS = YES;
				STRING_CATALOG_GENERATE_SYMBOLS = YES;
				SWIFT_APPROACHABLE_CONCURRENCY = YES;
				SWIFT_DEFAULT_ACTOR_ISOLATION = MainActor;
				SWIFT_EMIT_LOC_STRINGS = YES;
				SWIFT_OBJC_BRIDGING_HEADER = "GuidGen/GuidGen-Bridging-Header.h";
				SWIFT_OPTIMIZATION_LEVEL = "-Onone";
				SWIFT_UPCOMING_FEATURE_MEMBER_IMPORT_VISIBILITY = YES;
				SWIFT_VERSION = 5.0;
			};
			name = Debug;
		};
		4D5BF0E02ED9DEEA000E458C /* Release */ = {
			isa = XCBuildConfiguration;
			buildSettings = {
				ASSETCATALOG_COMPILER_APPICON_NAME = guidgen_icon;
				ASSETCATALOG_COMPILER_GLOBAL_ACCENT_COLOR_NAME = AccentColor;
				CLANG_ENABLE_MODULES = YES;
				CODE_SIGN_ENTITLEMENTS = GuidGen.entitlements;
				CODE_SIGN_STYLE = Automatic;
				COMBINE_HIDPI_IMAGES = YES;
				CURRENT_PROJECT_VERSION = 1;
				DEVELOPMENT_TEAM = 22ADC8SJAT;
				ENABLE_APP_SANDBOX = NO;
				ENABLE_HARDENED_RUNTIME = YES;
				ENABLE_PREVIEWS = YES;
				GENERATE_INFOPLIST_FILE = YES;
				INFOPLIST_KEY_NSHumanReadableCopyright = "Copyright © 2026 Axel Grefslie. All rights reserved.";
				INFOPLIST_KEY_LSApplicationCategoryType = "public.app-category.developer-tools";
				INFOPLIST_KEY_LSUIElement = NO;
				INFOPLIST_KEY_NSAppleEventsUsageDescription = "GuidGen sends keystrokes to paste GUIDs into the focused application.";
				INFOPLIST_KEY_NSAccessibilityUsageDescription = "GuidGen needs accessibility access to register a global keyboard shortcut and paste GUIDs into other applications.";
				LD_RUNPATH_SEARCH_PATHS = (
					"$(inherited)",
					"@executable_path/../Frameworks",
				);
				MACOSX_DEPLOYMENT_TARGET = 13.0;
				MARKETING_VERSION = 1.0;
				PRODUCT_BUNDLE_IDENTIFIER = axelgrefslie.GuidGen;
				PRODUCT_NAME = "$(TARGET_NAME)";
				REGISTER_APP_GROUPS = YES;
				STRING_CATALOG_GENERATE_SYMBOLS = YES;
				SWIFT_APPROACHABLE_CONCURRENCY = YES;
				SWIFT_DEFAULT_ACTOR_ISOLATION = MainActor;
				SWIFT_EMIT_LOC_STRINGS = YES;
				SWIFT_OBJC_BRIDGING_HEADER = "GuidGen/GuidGen-Bridging-Header.h";
				SWIFT_UPCOMING_FEATURE_MEMBER_IMPORT_VISIBILITY = YES;
				SWIFT_VERSION = 5.0;
			};
			name = Release;
		};
		4D5BF0E22ED9DEEA000E458C /* Debug */ = {
			isa = XCBuildConfiguration;
			buildSettings = {
				BUNDLE_LOADER = "$(TEST_HOST)";
				CODE_SIGN_STYLE = Automatic;
				CURRENT_PROJECT_VERSION = 1;
				DEVELOPMENT_TEAM = 22ADC8SJAT;
				GENERATE_INFOPLIST_FILE = YES;
				MACOSX_DEPLOYMENT_TARGET = 13.0;
				MARKETING_VERSION = 1.0;
				PRODUCT_BUNDLE_IDENTIFIER = axelgrefslie.GuidGenTests;
				PRODUCT_NAME = "$(TARGET_NAME)";
				STRING_CATALOG_GENERATE_SYMBOLS = NO;
				SWIFT_APPROACHABLE_CONCURRENCY = YES;
				SWIFT_EMIT_LOC_STRINGS = NO;
				SWIFT_UPCOMING_FEATURE_MEMBER_IMPORT_VISIBILITY = YES;
				SWIFT_VERSION = 5.0;
				TEST_HOST = "$(BUILT_PRODUCTS_DIR)/GuidGen.app/$(BUNDLE_EXECUTABLE_FOLDER_PATH)/GuidGen";
			};
			name = Debug;
		};
		4D5BF0E32ED9DEEA000E458C /* Release */ = {
			isa = XCBuildConfiguration;
			buildSettings = {
				BUNDLE_LOADER = "$(TEST_HOST)";
				CODE_SIGN_STYLE = Automatic;
				CURRENT_PROJECT_VERSION = 1;
				DEVELOPMENT_TEAM = 22ADC8SJAT;
				GENERATE_INFOPLIST_FILE = YES;
				MACOSX_DEPLOYMENT_TARGET = 13.0;
				MARKETING_VERSION = 1.0;
				PRODUCT_BUNDLE_IDENTIFIER = axelgrefslie.GuidGenTests;
				PRODUCT_NAME = "$(TARGET_NAME)";
				STRING_CATALOG_GENERATE_SYMBOLS = NO;
				SWIFT_APPROACHABLE_CONCURRENCY = YES;
				SWIFT_EMIT_LOC_STRINGS = NO;
				SWIFT_UPCOMING_FEATURE_MEMBER_IMPORT_VISIBILITY = YES;
				SWIFT_VERSION = 5.0;
				TEST_HOST = "$(BUILT_PRODUCTS_DIR)/GuidGen.app/$(BUNDLE_EXECUTABLE_FOLDER_PATH)/GuidGen";
			};
			name = Release;
		};
		4D5BF0E52ED9DEEA000E458C /* Debug */ = {
			isa = XCBuildConfiguration;
			buildSettings = {
				CODE_SIGN_STYLE = Automatic;
				CURRENT_PROJECT_VERSION = 1;
				DEVELOPMENT_TEAM = 22ADC8SJAT;
				GENERATE_INFOPLIST_FILE = YES;
				MARKETING_VERSION = 1.0;
				PRODUCT_BUNDLE_IDENTIFIER = axelgrefslie.GuidGenUITests;
				PRODUCT_NAME = "$(TARGET_NAME)";
				STRING_CATALOG_GENERATE_SYMBOLS = NO;
				SWIFT_APPROACHABLE_CONCURRENCY = YES;
				SWIFT_EMIT_LOC_STRINGS = NO;
				SWIFT_UPCOMING_FEATURE_MEMBER_IMPORT_VISIBILITY = YES;
				SWIFT_VERSION = 5.0;
				TEST_TARGET_NAME = GuidGen;
			};
			name = Debug;
		};
		4D5BF0E62ED9DEEA000E458C /* Release */ = {
			isa = XCBuildConfiguration;
			buildSettings = {
				CODE_SIGN_STYLE = Automatic;
				CURRENT_PROJECT_VERSION = 1;
				DEVELOPMENT_TEAM = 22ADC8SJAT;
				GENERATE_INFOPLIST_FILE = YES;
				MARKETING_VERSION = 1.0;
				PRODUCT_BUNDLE_IDENTIFIER = axelgrefslie.GuidGenUITests;
				PRODUCT_NAME = "$(TARGET_NAME)";
				STRING_CATALOG_GENERATE_SYMBOLS = NO;
				SWIFT_APPROACHABLE_CONCURRENCY = YES;
				SWIFT_EMIT_LOC_STRINGS = NO;
				SWIFT_UPCOMING_FEATURE_MEMBER_IMPORT_VISIBILITY = YES;
				SWIFT_VERSION = 5.0;
				TEST_TARGET_NAME = GuidGen;
			};
			name = Release;
		};
/* End XCBuildConfiguration section */

/* Begin XCConfigurationList section */
		4D5BF0B82ED9DEE8000E458C /* Build configuration list for PBXProject "GuidGen" */ = {
			isa = XCConfigurationList;
			buildConfigurations = (
				4D5BF0DC2ED9DEEA000E458C /* Debug */,
				4D5BF0DD2ED9DEEA000E458C /* Release */,
			);
			defaultConfigurationIsVisible = 0;
			defaultConfigurationName = Release;
		};
		4D5BF0DE2ED9DEEA000E458C /* Build configuration list for PBXNativeTarget "GuidGen" */ = {
			isa = XCConfigurationList;
			buildConfigurations = (
				4D5BF0DF2ED9DEEA000E458C /* Debug */,
				4D5BF0E02ED9DEEA000E458C /* Release */,
			);
			defaultConfigurationIsVisible = 0;
			defaultConfigurationName = Release;
		};
		4D5BF0E12ED9DEEA000E458C /* Build configuration list for PBXNativeTarget "GuidGenTests" */ = {
			isa = XCConfigurationList;
			buildConfigurations = (
				4D5BF0E22ED9DEEA000E458C /* Debug */,
				4D5BF0E32ED9DEEA000E458C /* Release */,
			);
			defaultConfigurationIsVisible = 0;
			defaultConfigurationName = Release;
		};
		4D5BF0E42ED9DEEA000E458C /* Build configuration list for PBXNativeTarget "GuidGenUITests" */ = {
			isa = XCConfigurationList;
			buildConfigurations = (
				4D5BF0E52ED9DEEA000E458C /* Debug */,
				4D5BF0E62ED9DEEA000E458C /* Release */,
			);
			defaultConfigurationIsVisible = 0;
			defaultConfigurationName = Release;
		};
/* End XCConfigurationList section */
	};
	rootObject = 4D5BF0B52ED9DEE8000E458C /* Project object */;
}
